// !$*UTF8*$!
{
	archiveVersion = 1;
	classes = {
	};
	objectVersion = 77;
	objects = {

/* Begin PBXBuildFile section */
		0100E8E99CB82B8282D4FAE1 /* Enums.swift in Sources */ = {isa = PBXBuildFile; fileRef = 3F545D4FAAD176B211E59D93 /* Enums.swift */; };
		0646901DCCF488B5EBFC846D /* Font+Theme.swift in Sources */ = {isa = PBXBuildFile; fileRef = A2AC72FAFD5967C199D45E5D /* Font+Theme.swift */; };
		070CE4818853D3E2B7A7E8FF /* StepIndicatorView.swift in Sources */ = {isa = PBXBuildFile; fileRef = 0DE0DD0E470BAF7ECAC2627E /* StepIndicatorView.swift */; };
		07280F39BBFE7D19C39CFDA1 /* NeuModifiers.swift in Sources */ = {isa = PBXBuildFile; fileRef = 7828690A54918406AA4CEABB /* NeuModifiers.swift */; };
		0990BCC2BCBD72635A34595F /* ActivityTypeManagementViewModel.swift in Sources */ = {isa = PBXBuildFile; fileRef = 98D90040F282768CB89523DC /* ActivityTypeManagementViewModel.swift */; };
		09E447DC2A36305FEB4F834D /* SupabaseClient.swift in Sources */ = {isa = PBXBuildFile; fileRef = A822D41238D2103ED28541A8 /* SupabaseClient.swift */; };
		0C5C6A712EE92F512F34B02F /* MockAuthService.swift in Sources */ = {isa = PBXBuildFile; fileRef = ECD3C0388190A285DFEAF5B8 /* MockAuthService.swift */; };
		110095E5CB04B0CFFA78435E /* NeuProgressBar.swift in Sources */ = {isa = PBXBuildFile; fileRef = 92CA68A74CBD470BF0BFE9CB /* NeuProgressBar.swift */; };
		12242302CA2AD27F4917FDDE /* SupabaseReportService.swift in Sources */ = {isa = PBXBuildFile; fileRef = 56FC919B7EDD6C5494794A97 /* SupabaseReportService.swift */; };
		13421FC9CA094EEB5341717A /* ChangePasswordView.swift in Sources */ = {isa = PBXBuildFile; fileRef = 7AA3E31C2E9B50E0A55D34E3 /* ChangePasswordView.swift */; };
		13B3940E020E622116D6AD1A /* SupabaseMeetingService.swift in Sources */ = {isa = PBXBuildFile; fileRef = 94EE9ED8ECF3C5677E1DBF02 /* SupabaseMeetingService.swift */; };
		147B0D74E058DFF57EB1AE25 /* DMSans-Bold.ttf in Resources */ = {isa = PBXBuildFile; fileRef = 9A8693B686D2020FD783D2EC /* DMSans-Bold.ttf */; };
		16295F558671E01816935164 /* MockHierarchyService.swift in Sources */ = {isa = PBXBuildFile; fileRef = 3AB149B0B68D4E87F627027D /* MockHierarchyService.swift */; };
		168E9051E551EEB40EB429BD /* SupabaseActivityLogService.swift in Sources */ = {isa = PBXBuildFile; fileRef = EA76BFF578C2330E18BFBFDA /* SupabaseActivityLogService.swift */; };
		1CDF5F4B134CA8CD1B0EF29E /* ProfileContainerView.swift in Sources */ = {isa = PBXBuildFile; fileRef = 7F32806582CBBE9065B131F1 /* ProfileContainerView.swift */; };
		1D594A945B42CAA11A7B47FF /* MockAttendanceService.swift in Sources */ = {isa = PBXBuildFile; fileRef = 0EADA71850E2B305DA5DB736 /* MockAttendanceService.swift */; };
		1EC4270BD5DEBE506A32517F /* ServiceContainer.swift in Sources */ = {isa = PBXBuildFile; fileRef = 131B423DC893088A80267874 /* ServiceContainer.swift */; };
		1F7D49BB654577FFC18532FD /* PersonalDataView.swift in Sources */ = {isa = PBXBuildFile; fileRef = D75AB14744FAECD12B9AFD0D /* PersonalDataView.swift */; };
		2399CF205C269D4D06DAB575 /* Icons.swift in Sources */ = {isa = PBXBuildFile; fileRef = C2D3934C55254182ACCC2533 /* Icons.swift */; };
		242E87A05C98EF702F658A30 /* NewMeetingViewModel.swift in Sources */ = {isa = PBXBuildFile; fileRef = 2E2D76AECE214F86B54DBEFB /* NewMeetingViewModel.swift */; };
		2443E7A04B89BB35DE021D42 /* MockActivityLogService.swift in Sources */ = {isa = PBXBuildFile; fileRef = E1BFB22F4885ACBC08AC3BB4 /* MockActivityLogService.swift */; };
		27C801519E92CAB7148F70F2 /* MockMeetingService.swift in Sources */ = {isa = PBXBuildFile; fileRef = 012DA113E86D1754D9BA3A81 /* MockMeetingService.swift */; };
		2A36A1E5A79F22C9BBD1648D /* GroupService.swift in Sources */ = {isa = PBXBuildFile; fileRef = 800F51D48DFDDBAE2F08A9AA /* GroupService.swift */; };
		2EE385A8CAE95A3A713498A6 /* MemberService.swift in Sources */ = {isa = PBXBuildFile; fileRef = 4006A9E19A1826D76C6E8340 /* MemberService.swift */; };
		337469B0C426A06D7CA5BD32 /* AdminChurchesView.swift in Sources */ = {isa = PBXBuildFile; fileRef = 0C39ABF95E8278191878BE4C /* AdminChurchesView.swift */; };
		33C4FAAE3E2E6D6A3234F3A5 /* Supabase in Frameworks */ = {isa = PBXBuildFile; productRef = 50196411F1B01DDEDCB7738A /* Supabase */; };
		371E7B0CC27879F352BAAABC /* NeuStyle.swift in Sources */ = {isa = PBXBuildFile; fileRef = DA76C612B4EAC2356760049C /* NeuStyle.swift */; };
		38094B51C83660B569F18776 /* MockData.swift in Sources */ = {isa = PBXBuildFile; fileRef = 4C9E77AAD9F849E82163D527 /* MockData.swift */; };
		387B29DD19ABC53FC1CB36E2 /* MeetingService.swift in Sources */ = {isa = PBXBuildFile; fileRef = 04B16F517F5516973ED4A7F9 /* MeetingService.swift */; };
		391E50209ADD7CEC525300BC /* Organization.swift in Sources */ = {isa = PBXBuildFile; fileRef = B4C8AFD3E8BF06FBD37078C2 /* Organization.swift */; };
		39CCBC5277439128B93317E7 /* DateFormatters.swift in Sources */ = {isa = PBXBuildFile; fileRef = 0B2BF2C33A82AD2FCD35D809 /* DateFormatters.swift */; };
		3A53472AAC1F4F420ACDA05C /* SupabaseActivityService.swift in Sources */ = {isa = PBXBuildFile; fileRef = 19C758441110B696EEE5CFD0 /* SupabaseActivityService.swift */; };
		3B67829655599C61DB8A5791 /* NeuCard.swift in Sources */ = {isa = PBXBuildFile; fileRef = 70C73E0FCB77EED677AEE162 /* NeuCard.swift */; };
		3C7E057B782E7805D1A53CB1 /* MeetingListViewModel.swift in Sources */ = {isa = PBXBuildFile; fileRef = FFA6B914873EFD11661B9B3C /* MeetingListViewModel.swift */; };
		3FCCD2EB18F13D042228E636 /* MockActivityService.swift in Sources */ = {isa = PBXBuildFile; fileRef = ED3F65C8B44C76805A5B24C5 /* MockActivityService.swift */; };
		4173055CEB0C9164669F75F5 /* NeuMemberRow.swift in Sources */ = {isa = PBXBuildFile; fileRef = 3F904C621C23AB45F9B577BB /* NeuMemberRow.swift */; };
		427700C7CEB0B2C7BF1B4B12 /* AuthService.swift in Sources */ = {isa = PBXBuildFile; fileRef = 4BAB3D3EBFACB6853142DC26 /* AuthService.swift */; };
		430B80D05380C231DCE10320 /* DMSans-Medium.ttf in Resources */ = {isa = PBXBuildFile; fileRef = B9C41985913F1FB997D84163 /* DMSans-Medium.ttf */; };
		46033FD23A2638A657F48252 /* MeetingStep2_AttendanceView.swift in Sources */ = {isa = PBXBuildFile; fileRef = B4E982BA34ACB2C4C19E6B95 /* MeetingStep2_AttendanceView.swift */; };
		4623E4E1CF8BB8444E665FA6 /* NeuStatPill.swift in Sources */ = {isa = PBXBuildFile; fileRef = DEA09949BF249704EBE63E74 /* NeuStatPill.swift */; };
		47CF63C1A4647EBFDC335088 /* MeetingDetailView.swift in Sources */ = {isa = PBXBuildFile; fileRef = 7D97EC1F12658C445A3F8526 /* MeetingDetailView.swift */; };
		4860C446CAEA8BE85DAF9CBB /* HomeView.swift in Sources */ = {isa = PBXBuildFile; fileRef = EE565755380FCB2C103C8545 /* HomeView.swift */; };
		4A0C19CAFEA47AD680A689CF /* CormorantGaramond-Regular.ttf in Resources */ = {isa = PBXBuildFile; fileRef = E36BB472FFCB966F1A8B6897 /* CormorantGaramond-Regular.ttf */; };
		4C759D984C3F69566B68B835 /* AppRoute.swift in Sources */ = {isa = PBXBuildFile; fileRef = B1DCE7BAEACE090274EAD9B8 /* AppRoute.swift */; };
		4EB4B4AADE64D2E20B59892A /* MoreView.swift in Sources */ = {isa = PBXBuildFile; fileRef = 85E6953BA411C059449D75E4 /* MoreView.swift */; };
		545AE43DE1CD9B3461B86095 /* NeuTabBar.swift in Sources */ = {isa = PBXBuildFile; fileRef = 82D74126A3B42946F05F8614 /* NeuTabBar.swift */; };
		54EE2AF56B089C3F8D014336 /* NewMeetingView.swift in Sources */ = {isa = PBXBuildFile; fileRef = 574BB1D20F109B33BF21AEEF /* NewMeetingView.swift */; };
		5750F8FA104AD65B7F68EF57 /* GroupDataView.swift in Sources */ = {isa = PBXBuildFile; fileRef = 72FF716A7E439F5311C80A4E /* GroupDataView.swift */; };
		5760817365376702B3C8363D /* ConfirmationOverlay.swift in Sources */ = {isa = PBXBuildFile; fileRef = 41E40369E6B9AF63AA5014D9 /* ConfirmationOverlay.swift */; };
		59AC8D98CFC6CC64FB753418 /* ProfileView.swift in Sources */ = {isa = PBXBuildFile; fileRef = F4D45BDD1F998C64C504A17F /* ProfileView.swift */; };
		5B51897663A78F612CCDB192 /* LoadingStateView.swift in Sources */ = {isa = PBXBuildFile; fileRef = C5CF45896199A36FAE81BD83 /* LoadingStateView.swift */; };
		616DFB5261DB19B5E12285F3 /* NeuButton.swift in Sources */ = {isa = PBXBuildFile; fileRef = E15A3650E2EEB66DBAF5AEBE /* NeuButton.swift */; };
		61766F57F8B4CB3AF72BF34E /* DecodingError+Presencia.swift in Sources */ = {isa = PBXBuildFile; fileRef = 17C39AA146AC46B7589D2356 /* DecodingError+Presencia.swift */; };
		65DE40C55661F6B080C9EAB0 /* ActivityTypeManagementView.swift in Sources */ = {isa = PBXBuildFile; fileRef = DC4F340C3FD16EE937876B2B /* ActivityTypeManagementView.swift */; };
		6D232C66765F97B2E1B7FD1B /* MeetingStep1_DateView.swift in Sources */ = {isa = PBXBuildFile; fileRef = CBCB6B836680106DBA1BAC5B /* MeetingStep1_DateView.swift */; };
		6F5932A498E5699D936FBEBB /* DMSans-SemiBold.ttf in Resources */ = {isa = PBXBuildFile; fileRef = FA54752F696D5E399517EB74 /* DMSans-SemiBold.ttf */; };
		70A0035361931CEA1B7B4EE7 /* NeuTextField.swift in Sources */ = {isa = PBXBuildFile; fileRef = 1A84D4FD7EE2249198132CE4 /* NeuTextField.swift */; };
		70CECE2F9AE077AAA3B8B3B9 /* MemberListView.swift in Sources */ = {isa = PBXBuildFile; fileRef = B1769FF669CB1E2952419B16 /* MemberListView.swift */; };
		722D3BE79D64D75637DBCA2E /* LoginUsernameBuilder.swift in Sources */ = {isa = PBXBuildFile; fileRef = 5B720F509926F9008835DEE2 /* LoginUsernameBuilder.swift */; };
		73C9D9C964BDAA94204C7C4D /* PresenciaApp.swift in Sources */ = {isa = PBXBuildFile; fileRef = B1D017CB2FBCCD53F5039B86 /* PresenciaApp.swift */; };
		73D0B10A691B92279FC0CEED /* SupabaseHierarchyService.swift in Sources */ = {isa = PBXBuildFile; fileRef = D2D1544FA46E681614B9D4BA /* SupabaseHierarchyService.swift */; };
		758388E0E00B0789395D5581 /* RegistroFlowHeader.swift in Sources */ = {isa = PBXBuildFile; fileRef = C07BE1D3338D8F3BBDEED982 /* RegistroFlowHeader.swift */; };
		765E677FAED27AB72FAADE8B /* MockGroupService.swift in Sources */ = {isa = PBXBuildFile; fileRef = F322C20E4FFCF4E4987DA905 /* MockGroupService.swift */; };
		7989652A2F1542FA1A64804F /* ReportsViewModel.swift in Sources */ = {isa = PBXBuildFile; fileRef = 7400A21F9F707BCB89BABC59 /* ReportsViewModel.swift */; };
		7BB76F8FA6B1EDF536577835 /* SupabaseAttendanceService.swift in Sources */ = {isa = PBXBuildFile; fileRef = A32F8D1A41339D741C904491 /* SupabaseAttendanceService.swift */; };
		7C6AF54C473ADF13DB87CBE1 /* AddVisitorSheetView.swift in Sources */ = {isa = PBXBuildFile; fileRef = 5FA64203F141F739BA26085E /* AddVisitorSheetView.swift */; };
		839BA1BB053CF4CE3438C62B /* MemberFormView.swift in Sources */ = {isa = PBXBuildFile; fileRef = 3EDAFBD5AA7E48BDB5569C3E /* MemberFormView.swift */; };
		843B1881302BD27C05490529 /* ActivityService.swift in Sources */ = {isa = PBXBuildFile; fileRef = 48EE3E4AEB677C158EF6B432 /* ActivityService.swift */; };
		876906102B4D3FD2667F907B /* AddExtraActivityView.swift in Sources */ = {isa = PBXBuildFile; fileRef = 3F3018A88D46F5F046A9BE22 /* AddExtraActivityView.swift */; };
		88601716457373757B87BF9C /* MockReportService.swift in Sources */ = {isa = PBXBuildFile; fileRef = CC0C76F796E85AD2618591B2 /* MockReportService.swift */; };
		8AAA8404AA472B14C641640E /* AdminUsersView.swift in Sources */ = {isa = PBXBuildFile; fileRef = 39C4C8BA98304FC7D0883D2E /* AdminUsersView.swift */; };
		8B22C08DAB52C2D545F35280 /* MockMemberService.swift in Sources */ = {isa = PBXBuildFile; fileRef = 435433C72F34D947EF6683CF /* MockMemberService.swift */; };
		8C78A1C31A363172BD23A91B /* Member.swift in Sources */ = {isa = PBXBuildFile; fileRef = 781AB84413B0D235952A6A2A /* Member.swift */; };
		8E3A713776A6BF74301B3DD3 /* ActivityLogView.swift in Sources */ = {isa = PBXBuildFile; fileRef = 05B58AD0088175C7C2EC522C /* ActivityLogView.swift */; };
		915A71400C1366DA696E8723 /* ActivityDetailView.swift in Sources */ = {isa = PBXBuildFile; fileRef = 6B834062D90C242BDD1A322A /* ActivityDetailView.swift */; };
		91BC0D9D0A8B0426795EB7A6 /* SupabaseMemberService.swift in Sources */ = {isa = PBXBuildFile; fileRef = 947F21273CCA02E00A610FB2 /* SupabaseMemberService.swift */; };
		942676F5D77E59B634AFA61C /* AttendanceChartView.swift in Sources */ = {isa = PBXBuildFile; fileRef = 5DA9C8C9D0C38D19ADCA2B66 /* AttendanceChartView.swift */; };
		95DFCE87F8E05158D5BC56AD /* Activity.swift in Sources */ = {isa = PBXBuildFile; fileRef = E8E90FF329345563AEA71545 /* Activity.swift */; };
		95ED09216D2CE1C3A42D7BE2 /* HomeViewModel.swift in Sources */ = {isa = PBXBuildFile; fileRef = 1BB8274CBB446D8F03031F88 /* HomeViewModel.swift */; };
		9793C42DA5B0DED743593A6C /* DMSans-Regular.ttf in Resources */ = {isa = PBXBuildFile; fileRef = A569AF981B039490982470DC /* DMSans-Regular.ttf */; };
		9812A06D8131B0F0D98C379C /* AdminDistrictsView.swift in Sources */ = {isa = PBXBuildFile; fileRef = F4D98F7867F068DE99C99BE5 /* AdminDistrictsView.swift */; };
		99C9BE433E449482695F9D9C /* Color+Hex.swift in Sources */ = {isa = PBXBuildFile; fileRef = 20A70D85DA3EDF3C88616FF7 /* Color+Hex.swift */; };
		99DF082F5D739EF55AA51F9E /* Color+Theme.swift in Sources */ = {isa = PBXBuildFile; fileRef = 1EC63036C8F6EF6A1C73837D /* Color+Theme.swift */; };
		9A33C473ADD3F6874559197E /* DMMono-Medium.ttf in Resources */ = {isa = PBXBuildFile; fileRef = FC275B96BD5439BE9AD1F742 /* DMMono-Medium.ttf */; };
		A0E3BF309FB675298FBF8889 /* MemberListViewModel.swift in Sources */ = {isa = PBXBuildFile; fileRef = C5AB6AE44857E2461342416D /* MemberListViewModel.swift */; };
		A0FD424D9F72F98A4709D849 /* ReportsView.swift in Sources */ = {isa = PBXBuildFile; fileRef = 495C28D245AD9F2C8A099CCD /* ReportsView.swift */; };
		A5343678DAE81782A4ACC63B /* MeetingCardView.swift in Sources */ = {isa = PBXBuildFile; fileRef = 4855B4E650C34692FBB293DC /* MeetingCardView.swift */; };
		A74333ED557FF4EB12DC48FA /* ActivityLogViewModel.swift in Sources */ = {isa = PBXBuildFile; fileRef = 11244FE6FB422573BDBBE0A7 /* ActivityLogViewModel.swift */; };
		A7E7BD79F7AF974054EF337B /* MeetingListView.swift in Sources */ = {isa = PBXBuildFile; fileRef = 17DA923E4EAA0D5FC626E0D2 /* MeetingListView.swift */; };
		AC77BB97128D30F50722BC4B /* GroupSettingsView.swift in Sources */ = {isa = PBXBuildFile; fileRef = 95FB381248C45B9BBD9137BF /* GroupSettingsView.swift */; };
		ADA28C89B688E8746A5F97D0 /* NeuToggle.swift in Sources */ = {isa = PBXBuildFile; fileRef = 2A9BBC1074309E64B9141DE9 /* NeuToggle.swift */; };
		B009805CCBCDA084640D95C6 /* LoginView.swift in Sources */ = {isa = PBXBuildFile; fileRef = 88B72046025B3CC2EA6537D4 /* LoginView.swift */; };
		B01CB4CF966CCA0196654AF6 /* MemberDetailView.swift in Sources */ = {isa = PBXBuildFile; fileRef = AC5C51A41208507DF9584428 /* MemberDetailView.swift */; };
		B36ADB02688EF37F06D27327 /* AdminUsersViewModel.swift in Sources */ = {isa = PBXBuildFile; fileRef = AC2EA79C23AEBA22FB8E496E /* AdminUsersViewModel.swift */; };
		B44CD8176F061289E17E331C /* SupabaseGroupService.swift in Sources */ = {isa = PBXBuildFile; fileRef = EBA3BA9F2ED95F0127C3946C /* SupabaseGroupService.swift */; };
		B6D5FF66DAE289228DC803B4 /* EmptyStateView.swift in Sources */ = {isa = PBXBuildFile; fileRef = 84F0D454A4284CACDF497E55 /* EmptyStateView.swift */; };
		BAB99781071D6AE659D06091 /* MeetingStep4_SummaryView.swift in Sources */ = {isa = PBXBuildFile; fileRef = 13AF64A177DA914219D214C2 /* MeetingStep4_SummaryView.swift */; };
		BCBEFB3889DC6137346D1A5B /* GroupRankingListView.swift in Sources */ = {isa = PBXBuildFile; fileRef = 7F39704DFB21C626F2A717A1 /* GroupRankingListView.swift */; };
		BCCAFE2D3A78676F9C9413F2 /* Reporting.swift in Sources */ = {isa = PBXBuildFile; fileRef = 9D39949BE7AAFC0BA960A5B3 /* Reporting.swift */; };
		BD0B1B1DF1E11CD11319030B /* MeetingSuccessView.swift in Sources */ = {isa = PBXBuildFile; fileRef = 9A90EC071641459D1001C269 /* MeetingSuccessView.swift */; };
		C3B15FF889E178E085F3AB3B /* ActivityBarChartView.swift in Sources */ = {isa = PBXBuildFile; fileRef = 3EA360663068395B7DA518FD /* ActivityBarChartView.swift */; };
		C42F5BD362982B238FE561A5 /* SignUpView.swift in Sources */ = {isa = PBXBuildFile; fileRef = DAF5F3F0D008B7D91EE09189 /* SignUpView.swift */; };
		C55C7B44F8F6F90A45693CDB /* PresenciaLoginError.swift in Sources */ = {isa = PBXBuildFile; fileRef = 087F99F13E76BFBF0596E360 /* PresenciaLoginError.swift */; };
		C666725399050B47B23FA1FE /* NeuIconBadge.swift in Sources */ = {isa = PBXBuildFile; fileRef = 8D41C0BE4C3708B320CE2C19 /* NeuIconBadge.swift */; };
		C83CC70BBDA82BCE93DB90CB /* AttendanceService.swift in Sources */ = {isa = PBXBuildFile; fileRef = F2BE89C4EA9BFCDDF8881C86 /* AttendanceService.swift */; };
		CBF5FF13F620AD291C324828 /* ReportService.swift in Sources */ = {isa = PBXBuildFile; fileRef = 0E1807BD40F53B3F85EBE991 /* ReportService.swift */; };
		D973DD93CA541EE37C7B78AC /* MeetingStep3_ActivitiesView.swift in Sources */ = {isa = PBXBuildFile; fileRef = 9312AD98A6894FFE8E6CDF42 /* MeetingStep3_ActivitiesView.swift */; };
		DC8365A1DC3ABDA0F05DE515 /* AdminPeriodsView.swift in Sources */ = {isa = PBXBuildFile; fileRef = 3F5337B41CD739213CE39769 /* AdminPeriodsView.swift */; };
		DCED1475B0FEFE753E50C372 /* Permissions.swift in Sources */ = {isa = PBXBuildFile; fileRef = DA903538A6D375701A9C8AB7 /* Permissions.swift */; };
		DEBBBDE96D3CC3DE82B653EA /* DMMono-Regular.ttf in Resources */ = {isa = PBXBuildFile; fileRef = 3CD67D35D0943262E1792878 /* DMMono-Regular.ttf */; };
		DF882C30FAA4AB71526ECF7D /* SearchableHierarchyPicker.swift in Sources */ = {isa = PBXBuildFile; fileRef = 1293299EDBA5D13F7B429F7E /* SearchableHierarchyPicker.swift */; };
		E913F621E5C6FD58875A47AA /* Meeting.swift in Sources */ = {isa = PBXBuildFile; fileRef = 2A36DD94C38EA398B183B0A3 /* Meeting.swift */; };
		ECF56CBFCC3D4A8A84AFDC47 /* LucideIcons in Frameworks */ = {isa = PBXBuildFile; productRef = 5FCE2B7546D17A137C5A131C /* LucideIcons */; };
		EF4AADE3FC4ADC0BEC8360BF /* LoginViewModel.swift in Sources */ = {isa = PBXBuildFile; fileRef = 46477DC7A2208F11B37BDD69 /* LoginViewModel.swift */; };
		EF956DA9A98A5BC88D4548BD /* CormorantGaramond-Italic.ttf in Resources */ = {isa = PBXBuildFile; fileRef = F2969627A37446D87F65A5B9 /* CormorantGaramond-Italic.ttf */; };
		EFE298FB4F09AD9A675082DE /* SupabaseAuthService.swift in Sources */ = {isa = PBXBuildFile; fileRef = A8A260835B3DE22BDDCEF9B8 /* SupabaseAuthService.swift */; };
		F11ED3F76624C76EFAE7CB9C /* Config.swift in Sources */ = {isa = PBXBuildFile; fileRef = 603168C8B18C685E0D15DCE6 /* Config.swift */; };
		F561EE5338046C41EEB8312A /* Extensions.swift in Sources */ = {isa = PBXBuildFile; fileRef = C18E751E623E527C3735C813 /* Extensions.swift */; };
		F57F324E09D36F00249F7940 /* HierarchyService.swift in Sources */ = {isa = PBXBuildFile; fileRef = 3A2AEA151FBE8A6F19416733 /* HierarchyService.swift */; };
		F61ED78DE9434114ADAE4A31 /* ActivityLogService.swift in Sources */ = {isa = PBXBuildFile; fileRef = B6B3FC886F35CC720A75760E /* ActivityLogService.swift */; };
		F64A53EC0DE20E5D8A3AC28C /* Profile.swift in Sources */ = {isa = PBXBuildFile; fileRef = 858D33D2F192EF14D16A1175 /* Profile.swift */; };
		F6AEF96541B0DD7862D400D7 /* MemberSessionPickerView.swift in Sources */ = {isa = PBXBuildFile; fileRef = B502D0257D034BA9B52D6A77 /* MemberSessionPickerView.swift */; };
		F6B6E978FF372C0A19244E3E /* Assets.xcassets in Resources */ = {isa = PBXBuildFile; fileRef = E903529BC71E2C7BE15A6796 /* Assets.xcassets */; };
		FB4DC9718E46681E08DA21F2 /* MainTabView.swift in Sources */ = {isa = PBXBuildFile; fileRef = 585AD9F1F18B1FACF821E891 /* MainTabView.swift */; };
/* End PBXBuildFile section */

/* Begin PBXFileReference section */
		012DA113E86D1754D9BA3A81 /* MockMeetingService.swift */ = {isa = PBXFileReference; lastKnownFileType = sourcecode.swift; path = MockMeetingService.swift; sourceTree = "<group>"; };
		04B16F517F5516973ED4A7F9 /* MeetingService.swift */ = {isa = PBXFileReference; lastKnownFileType = sourcecode.swift; path = MeetingService.swift; sourceTree = "<group>"; };
		05B58AD0088175C7C2EC522C /* ActivityLogView.swift */ = {isa = PBXFileReference; lastKnownFileType = sourcecode.swift; path = ActivityLogView.swift; sourceTree = "<group>"; };
		087F99F13E76BFBF0596E360 /* PresenciaLoginError.swift */ = {isa = PBXFileReference; lastKnownFileType = sourcecode.swift; path = PresenciaLoginError.swift; sourceTree = "<group>"; };
		0B2BF2C33A82AD2FCD35D809 /* DateFormatters.swift */ = {isa = PBXFileReference; lastKnownFileType = sourcecode.swift; path = DateFormatters.swift; sourceTree = "<group>"; };
		0C39ABF95E8278191878BE4C /* AdminChurchesView.swift */ = {isa = PBXFileReference; lastKnownFileType = sourcecode.swift; path = AdminChurchesView.swift; sourceTree = "<group>"; };
		0DE0DD0E470BAF7ECAC2627E /* StepIndicatorView.swift */ = {isa = PBXFileReference; lastKnownFileType = sourcecode.swift; path = StepIndicatorView.swift; sourceTree = "<group>"; };
		0E1807BD40F53B3F85EBE991 /* ReportService.swift */ = {isa = PBXFileReference; lastKnownFileType = sourcecode.swift; path = ReportService.swift; sourceTree = "<group>"; };
		0EADA71850E2B305DA5DB736 /* MockAttendanceService.swift */ = {isa = PBXFileReference; lastKnownFileType = sourcecode.swift; path = MockAttendanceService.swift; sourceTree = "<group>"; };
		11244FE6FB422573BDBBE0A7 /* ActivityLogViewModel.swift */ = {isa = PBXFileReference; lastKnownFileType = sourcecode.swift; path = ActivityLogViewModel.swift; sourceTree = "<group>"; };
		1293299EDBA5D13F7B429F7E /* SearchableHierarchyPicker.swift */ = {isa = PBXFileReference; lastKnownFileType = sourcecode.swift; path = SearchableHierarchyPicker.swift; sourceTree = "<group>"; };
		131B423DC893088A80267874 /* ServiceContainer.swift */ = {isa = PBXFileReference; lastKnownFileType = sourcecode.swift; path = ServiceContainer.swift; sourceTree = "<group>"; };
		13AF64A177DA914219D214C2 /* MeetingStep4_SummaryView.swift */ = {isa = PBXFileReference; lastKnownFileType = sourcecode.swift; path = MeetingStep4_SummaryView.swift; sourceTree = "<group>"; };
		17C39AA146AC46B7589D2356 /* DecodingError+Presencia.swift */ = {isa = PBXFileReference; lastKnownFileType = sourcecode.swift; path = "DecodingError+Presencia.swift"; sourceTree = "<group>"; };
		17DA923E4EAA0D5FC626E0D2 /* MeetingListView.swift */ = {isa = PBXFileReference; lastKnownFileType = sourcecode.swift; path = MeetingListView.swift; sourceTree = "<group>"; };
		19C758441110B696EEE5CFD0 /* SupabaseActivityService.swift */ = {isa = PBXFileReference; lastKnownFileType = sourcecode.swift; path = SupabaseActivityService.swift; sourceTree = "<group>"; };
		1A84D4FD7EE2249198132CE4 /* NeuTextField.swift */ = {isa = PBXFileReference; lastKnownFileType = sourcecode.swift; path = NeuTextField.swift; sourceTree = "<group>"; };
		1BB8274CBB446D8F03031F88 /* HomeViewModel.swift */ = {isa = PBXFileReference; lastKnownFileType = sourcecode.swift; path = HomeViewModel.swift; sourceTree = "<group>"; };
		1EC63036C8F6EF6A1C73837D /* Color+Theme.swift */ = {isa = PBXFileReference; lastKnownFileType = sourcecode.swift; path = "Color+Theme.swift"; sourceTree = "<group>"; };
		20A70D85DA3EDF3C88616FF7 /* Color+Hex.swift */ = {isa = PBXFileReference; lastKnownFileType = sourcecode.swift; path = "Color+Hex.swift"; sourceTree = "<group>"; };
		2A36DD94C38EA398B183B0A3 /* Meeting.swift */ = {isa = PBXFileReference; lastKnownFileType = sourcecode.swift; path = Meeting.swift; sourceTree = "<group>"; };
		2A9BBC1074309E64B9141DE9 /* NeuToggle.swift */ = {isa = PBXFileReference; lastKnownFileType = sourcecode.swift; path = NeuToggle.swift; sourceTree = "<group>"; };
		2E2D76AECE214F86B54DBEFB /* NewMeetingViewModel.swift */ = {isa = PBXFileReference; lastKnownFileType = sourcecode.swift; path = NewMeetingViewModel.swift; sourceTree = "<group>"; };
		39C4C8BA98304FC7D0883D2E /* AdminUsersView.swift */ = {isa = PBXFileReference; lastKnownFileType = sourcecode.swift; path = AdminUsersView.swift; sourceTree = "<group>"; };
		3A2AEA151FBE8A6F19416733 /* HierarchyService.swift */ = {isa = PBXFileReference; lastKnownFileType = sourcecode.swift; path = HierarchyService.swift; sourceTree = "<group>"; };
		3AB149B0B68D4E87F627027D /* MockHierarchyService.swift */ = {isa = PBXFileReference; lastKnownFileType = sourcecode.swift; path = MockHierarchyService.swift; sourceTree = "<group>"; };
		3CD67D35D0943262E1792878 /* DMMono-Regular.ttf */ = {isa = PBXFileReference; lastKnownFileType = file; path = "DMMono-Regular.ttf"; sourceTree = "<group>"; };
		3EA360663068395B7DA518FD /* ActivityBarChartView.swift */ = {isa = PBXFileReference; lastKnownFileType = sourcecode.swift; path = ActivityBarChartView.swift; sourceTree = "<group>"; };
		3EDAFBD5AA7E48BDB5569C3E /* MemberFormView.swift */ = {isa = PBXFileReference; lastKnownFileType = sourcecode.swift; path = MemberFormView.swift; sourceTree = "<group>"; };
		3F3018A88D46F5F046A9BE22 /* AddExtraActivityView.swift */ = {isa = PBXFileReference; lastKnownFileType = sourcecode.swift; path = AddExtraActivityView.swift; sourceTree = "<group>"; };
		3F5337B41CD739213CE39769 /* AdminPeriodsView.swift */ = {isa = PBXFileReference; lastKnownFileType = sourcecode.swift; path = AdminPeriodsView.swift; sourceTree = "<group>"; };
		3F545D4FAAD176B211E59D93 /* Enums.swift */ = {isa = PBXFileReference; lastKnownFileType = sourcecode.swift; path = Enums.swift; sourceTree = "<group>"; };
		3F904C621C23AB45F9B577BB /* NeuMemberRow.swift */ = {isa = PBXFileReference; lastKnownFileType = sourcecode.swift; path = NeuMemberRow.swift; sourceTree = "<group>"; };
		4006A9E19A1826D76C6E8340 /* MemberService.swift */ = {isa = PBXFileReference; lastKnownFileType = sourcecode.swift; path = MemberService.swift; sourceTree = "<group>"; };
		41E40369E6B9AF63AA5014D9 /* ConfirmationOverlay.swift */ = {isa = PBXFileReference; lastKnownFileType = sourcecode.swift; path = ConfirmationOverlay.swift; sourceTree = "<group>"; };
		435433C72F34D947EF6683CF /* MockMemberService.swift */ = {isa = PBXFileReference; lastKnownFileType = sourcecode.swift; path = MockMemberService.swift; sourceTree = "<group>"; };
		46477DC7A2208F11B37BDD69 /* LoginViewModel.swift */ = {isa = PBXFileReference; lastKnownFileType = sourcecode.swift; path = LoginViewModel.swift; sourceTree = "<group>"; };
		4855B4E650C34692FBB293DC /* MeetingCardView.swift */ = {isa = PBXFileReference; lastKnownFileType = sourcecode.swift; path = MeetingCardView.swift; sourceTree = "<group>"; };
		48EE3E4AEB677C158EF6B432 /* ActivityService.swift */ = {isa = PBXFileReference; lastKnownFileType = sourcecode.swift; path = ActivityService.swift; sourceTree = "<group>"; };
		495C28D245AD9F2C8A099CCD /* ReportsView.swift */ = {isa = PBXFileReference; lastKnownFileType = sourcecode.swift; path = ReportsView.swift; sourceTree = "<group>"; };
		4BAB3D3EBFACB6853142DC26 /* AuthService.swift */ = {isa = PBXFileReference; lastKnownFileType = sourcecode.swift; path = AuthService.swift; sourceTree = "<group>"; };
		4C9E77AAD9F849E82163D527 /* MockData.swift */ = {isa = PBXFileReference; lastKnownFileType = sourcecode.swift; path = MockData.swift; sourceTree = "<group>"; };
		4EE2E802A7047A2FBF20D0F6 /* Info.plist */ = {isa = PBXFileReference; lastKnownFileType = text.plist; path = Info.plist; sourceTree = "<group>"; };
		56FC919B7EDD6C5494794A97 /* SupabaseReportService.swift */ = {isa = PBXFileReference; lastKnownFileType = sourcecode.swift; path = SupabaseReportService.swift; sourceTree = "<group>"; };
		574BB1D20F109B33BF21AEEF /* NewMeetingView.swift */ = {isa = PBXFileReference; lastKnownFileType = sourcecode.swift; path = NewMeetingView.swift; sourceTree = "<group>"; };
		585AD9F1F18B1FACF821E891 /* MainTabView.swift */ = {isa = PBXFileReference; lastKnownFileType = sourcecode.swift; path = MainTabView.swift; sourceTree = "<group>"; };
		5B720F509926F9008835DEE2 /* LoginUsernameBuilder.swift */ = {isa = PBXFileReference; lastKnownFileType = sourcecode.swift; path = LoginUsernameBuilder.swift; sourceTree = "<group>"; };
		5DA9C8C9D0C38D19ADCA2B66 /* AttendanceChartView.swift */ = {isa = PBXFileReference; lastKnownFileType = sourcecode.swift; path = AttendanceChartView.swift; sourceTree = "<group>"; };
		5FA64203F141F739BA26085E /* AddVisitorSheetView.swift */ = {isa = PBXFileReference; lastKnownFileType = sourcecode.swift; path = AddVisitorSheetView.swift; sourceTree = "<group>"; };
		603168C8B18C685E0D15DCE6 /* Config.swift */ = {isa = PBXFileReference; lastKnownFileType = sourcecode.swift; path = Config.swift; sourceTree = "<group>"; };
		6B834062D90C242BDD1A322A /* ActivityDetailView.swift */ = {isa = PBXFileReference; lastKnownFileType = sourcecode.swift; path = ActivityDetailView.swift; sourceTree = "<group>"; };
		70C73E0FCB77EED677AEE162 /* NeuCard.swift */ = {isa = PBXFileReference; lastKnownFileType = sourcecode.swift; path = NeuCard.swift; sourceTree = "<group>"; };
		72FF716A7E439F5311C80A4E /* GroupDataView.swift */ = {isa = PBXFileReference; lastKnownFileType = sourcecode.swift; path = GroupDataView.swift; sourceTree = "<group>"; };
		7400A21F9F707BCB89BABC59 /* ReportsViewModel.swift */ = {isa = PBXFileReference; lastKnownFileType = sourcecode.swift; path = ReportsViewModel.swift; sourceTree = "<group>"; };
		781AB84413B0D235952A6A2A /* Member.swift */ = {isa = PBXFileReference; lastKnownFileType = sourcecode.swift; path = Member.swift; sourceTree = "<group>"; };
		7828690A54918406AA4CEABB /* NeuModifiers.swift */ = {isa = PBXFileReference; lastKnownFileType = sourcecode.swift; path = NeuModifiers.swift; sourceTree = "<group>"; };
		79B1E1DD9446F70C5D2B7273 /* Presencia.app */ = {isa = PBXFileReference; explicitFileType = wrapper.application; includeInIndex = 0; path = Presencia.app; sourceTree = BUILT_PRODUCTS_DIR; };
		7AA3E31C2E9B50E0A55D34E3 /* ChangePasswordView.swift */ = {isa = PBXFileReference; lastKnownFileType = sourcecode.swift; path = ChangePasswordView.swift; sourceTree = "<group>"; };
		7D97EC1F12658C445A3F8526 /* MeetingDetailView.swift */ = {isa = PBXFileReference; lastKnownFileType = sourcecode.swift; path = MeetingDetailView.swift; sourceTree = "<group>"; };
		7F32806582CBBE9065B131F1 /* ProfileContainerView.swift */ = {isa = PBXFileReference; lastKnownFileType = sourcecode.swift; path = ProfileContainerView.swift; sourceTree = "<group>"; };
		7F39704DFB21C626F2A717A1 /* GroupRankingListView.swift */ = {isa = PBXFileReference; lastKnownFileType = sourcecode.swift; path = GroupRankingListView.swift; sourceTree = "<group>"; };
		800F51D48DFDDBAE2F08A9AA /* GroupService.swift */ = {isa = PBXFileReference; lastKnownFileType = sourcecode.swift; path = GroupService.swift; sourceTree = "<group>"; };
		82D74126A3B42946F05F8614 /* NeuTabBar.swift */ = {isa = PBXFileReference; lastKnownFileType = sourcecode.swift; path = NeuTabBar.swift; sourceTree = "<group>"; };
		84F0D454A4284CACDF497E55 /* EmptyStateView.swift */ = {isa = PBXFileReference; lastKnownFileType = sourcecode.swift; path = EmptyStateView.swift; sourceTree = "<group>"; };
		858D33D2F192EF14D16A1175 /* Profile.swift */ = {isa = PBXFileReference; lastKnownFileType = sourcecode.swift; path = Profile.swift; sourceTree = "<group>"; };
		85E6953BA411C059449D75E4 /* MoreView.swift */ = {isa = PBXFileReference; lastKnownFileType = sourcecode.swift; path = MoreView.swift; sourceTree = "<group>"; };
		88B72046025B3CC2EA6537D4 /* LoginView.swift */ = {isa = PBXFileReference; lastKnownFileType = sourcecode.swift; path = LoginView.swift; sourceTree = "<group>"; };
		8D41C0BE4C3708B320CE2C19 /* NeuIconBadge.swift */ = {isa = PBXFileReference; lastKnownFileType = sourcecode.swift; path = NeuIconBadge.swift; sourceTree = "<group>"; };
		92CA68A74CBD470BF0BFE9CB /* NeuProgressBar.swift */ = {isa = PBXFileReference; lastKnownFileType = sourcecode.swift; path = NeuProgressBar.swift; sourceTree = "<group>"; };
		9312AD98A6894FFE8E6CDF42 /* MeetingStep3_ActivitiesView.swift */ = {isa = PBXFileReference; lastKnownFileType = sourcecode.swift; path = MeetingStep3_ActivitiesView.swift; sourceTree = "<group>"; };
		947F21273CCA02E00A610FB2 /* SupabaseMemberService.swift */ = {isa = PBXFileReference; lastKnownFileType = sourcecode.swift; path = SupabaseMemberService.swift; sourceTree = "<group>"; };
		94EE9ED8ECF3C5677E1DBF02 /* SupabaseMeetingService.swift */ = {isa = PBXFileReference; lastKnownFileType = sourcecode.swift; path = SupabaseMeetingService.swift; sourceTree = "<group>"; };
		95FB381248C45B9BBD9137BF /* GroupSettingsView.swift */ = {isa = PBXFileReference; lastKnownFileType = sourcecode.swift; path = GroupSettingsView.swift; sourceTree = "<group>"; };
		98D90040F282768CB89523DC /* ActivityTypeManagementViewModel.swift */ = {isa = PBXFileReference; lastKnownFileType = sourcecode.swift; path = ActivityTypeManagementViewModel.swift; sourceTree = "<group>"; };
		9A8693B686D2020FD783D2EC /* DMSans-Bold.ttf */ = {isa = PBXFileReference; lastKnownFileType = file; path = "DMSans-Bold.ttf"; sourceTree = "<group>"; };
		9A90EC071641459D1001C269 /* MeetingSuccessView.swift */ = {isa = PBXFileReference; lastKnownFileType = sourcecode.swift; path = MeetingSuccessView.swift; sourceTree = "<group>"; };
		9D39949BE7AAFC0BA960A5B3 /* Reporting.swift */ = {isa = PBXFileReference; lastKnownFileType = sourcecode.swift; path = Reporting.swift; sourceTree = "<group>"; };
		A2AC72FAFD5967C199D45E5D /* Font+Theme.swift */ = {isa = PBXFileReference; lastKnownFileType = sourcecode.swift; path = "Font+Theme.swift"; sourceTree = "<group>"; };
		A32F8D1A41339D741C904491 /* SupabaseAttendanceService.swift */ = {isa = PBXFileReference; lastKnownFileType = sourcecode.swift; path = SupabaseAttendanceService.swift; sourceTree = "<group>"; };
		A569AF981B039490982470DC /* DMSans-Regular.ttf */ = {isa = PBXFileReference; lastKnownFileType = file; path = "DMSans-Regular.ttf"; sourceTree = "<group>"; };
		A822D41238D2103ED28541A8 /* SupabaseClient.swift */ = {isa = PBXFileReference; lastKnownFileType = sourcecode.swift; path = SupabaseClient.swift; sourceTree = "<group>"; };
		A8A260835B3DE22BDDCEF9B8 /* SupabaseAuthService.swift */ = {isa = PBXFileReference; lastKnownFileType = sourcecode.swift; path = SupabaseAuthService.swift; sourceTree = "<group>"; };
		AC2EA79C23AEBA22FB8E496E /* AdminUsersViewModel.swift */ = {isa = PBXFileReference; lastKnownFileType = sourcecode.swift; path = AdminUsersViewModel.swift; sourceTree = "<group>"; };
		AC5C51A41208507DF9584428 /* MemberDetailView.swift */ = {isa = PBXFileReference; lastKnownFileType = sourcecode.swift; path = MemberDetailView.swift; sourceTree = "<group>"; };
		B1769FF669CB1E2952419B16 /* MemberListView.swift */ = {isa = PBXFileReference; lastKnownFileType = sourcecode.swift; path = MemberListView.swift; sourceTree = "<group>"; };
		B1D017CB2FBCCD53F5039B86 /* PresenciaApp.swift */ = {isa = PBXFileReference; lastKnownFileType = sourcecode.swift; path = PresenciaApp.swift; sourceTree = "<group>"; };
		B1DCE7BAEACE090274EAD9B8 /* AppRoute.swift */ = {isa = PBXFileReference; lastKnownFileType = sourcecode.swift; path = AppRoute.swift; sourceTree = "<group>"; };
		B4C8AFD3E8BF06FBD37078C2 /* Organization.swift */ = {isa = PBXFileReference; lastKnownFileType = sourcecode.swift; path = Organization.swift; sourceTree = "<group>"; };
		B4E982BA34ACB2C4C19E6B95 /* MeetingStep2_AttendanceView.swift */ = {isa = PBXFileReference; lastKnownFileType = sourcecode.swift; path = MeetingStep2_AttendanceView.swift; sourceTree = "<group>"; };
		B502D0257D034BA9B52D6A77 /* MemberSessionPickerView.swift */ = {isa = PBXFileReference; lastKnownFileType = sourcecode.swift; path = MemberSessionPickerView.swift; sourceTree = "<group>"; };
		B6B3FC886F35CC720A75760E /* ActivityLogService.swift */ = {isa = PBXFileReference; lastKnownFileType = sourcecode.swift; path = ActivityLogService.swift; sourceTree = "<group>"; };
		B9C41985913F1FB997D84163 /* DMSans-Medium.ttf */ = {isa = PBXFileReference; lastKnownFileType = file; path = "DMSans-Medium.ttf"; sourceTree = "<group>"; };
		C07BE1D3338D8F3BBDEED982 /* RegistroFlowHeader.swift */ = {isa = PBXFileReference; lastKnownFileType = sourcecode.swift; path = RegistroFlowHeader.swift; sourceTree = "<group>"; };
		C18E751E623E527C3735C813 /* Extensions.swift */ = {isa = PBXFileReference; lastKnownFileType = sourcecode.swift; path = Extensions.swift; sourceTree = "<group>"; };
		C2D3934C55254182ACCC2533 /* Icons.swift */ = {isa = PBXFileReference; lastKnownFileType = sourcecode.swift; path = Icons.swift; sourceTree = "<group>"; };
		C5AB6AE44857E2461342416D /* MemberListViewModel.swift */ = {isa = PBXFileReference; lastKnownFileType = sourcecode.swift; path = MemberListViewModel.swift; sourceTree = "<group>"; };
		C5CF45896199A36FAE81BD83 /* LoadingStateView.swift */ = {isa = PBXFileReference; lastKnownFileType = sourcecode.swift; path = LoadingStateView.swift; sourceTree = "<group>"; };
		CBCB6B836680106DBA1BAC5B /* MeetingStep1_DateView.swift */ = {isa = PBXFileReference; lastKnownFileType = sourcecode.swift; path = MeetingStep1_DateView.swift; sourceTree = "<group>"; };
		CC0C76F796E85AD2618591B2 /* MockReportService.swift */ = {isa = PBXFileReference; lastKnownFileType = sourcecode.swift; path = MockReportService.swift; sourceTree = "<group>"; };
		D2D1544FA46E681614B9D4BA /* SupabaseHierarchyService.swift */ = {isa = PBXFileReference; lastKnownFileType = sourcecode.swift; path = SupabaseHierarchyService.swift; sourceTree = "<group>"; };
		D75AB14744FAECD12B9AFD0D /* PersonalDataView.swift */ = {isa = PBXFileReference; lastKnownFileType = sourcecode.swift; path = PersonalDataView.swift; sourceTree = "<group>"; };
		DA76C612B4EAC2356760049C /* NeuStyle.swift */ = {isa = PBXFileReference; lastKnownFileType = sourcecode.swift; path = NeuStyle.swift; sourceTree = "<group>"; };
		DA903538A6D375701A9C8AB7 /* Permissions.swift */ = {isa = PBXFileReference; lastKnownFileType = sourcecode.swift; path = Permissions.swift; sourceTree = "<group>"; };
		DAF5F3F0D008B7D91EE09189 /* SignUpView.swift */ = {isa = PBXFileReference; lastKnownFileType = sourcecode.swift; path = SignUpView.swift; sourceTree = "<group>"; };
		DC4F340C3FD16EE937876B2B /* ActivityTypeManagementView.swift */ = {isa = PBXFileReference; lastKnownFileType = sourcecode.swift; path = ActivityTypeManagementView.swift; sourceTree = "<group>"; };
		DEA09949BF249704EBE63E74 /* NeuStatPill.swift */ = {isa = PBXFileReference; lastKnownFileType = sourcecode.swift; path = NeuStatPill.swift; sourceTree = "<group>"; };
		E15A3650E2EEB66DBAF5AEBE /* NeuButton.swift */ = {isa = PBXFileReference; lastKnownFileType = sourcecode.swift; path = NeuButton.swift; sourceTree = "<group>"; };
		E1BFB22F4885ACBC08AC3BB4 /* MockActivityLogService.swift */ = {isa = PBXFileReference; lastKnownFileType = sourcecode.swift; path = MockActivityLogService.swift; sourceTree = "<group>"; };
		E36BB472FFCB966F1A8B6897 /* CormorantGaramond-Regular.ttf */ = {isa = PBXFileReference; lastKnownFileType = file; path = "CormorantGaramond-Regular.ttf"; sourceTree = "<group>"; };
		E8E90FF329345563AEA71545 /* Activity.swift */ = {isa = PBXFileReference; lastKnownFileType = sourcecode.swift; path = Activity.swift; sourceTree = "<group>"; };
		E903529BC71E2C7BE15A6796 /* Assets.xcassets */ = {isa = PBXFileReference; lastKnownFileType = folder.assetcatalog; path = Assets.xcassets; sourceTree = "<group>"; };
		EA76BFF578C2330E18BFBFDA /* SupabaseActivityLogService.swift */ = {isa = PBXFileReference; lastKnownFileType = sourcecode.swift; path = SupabaseActivityLogService.swift; sourceTree = "<group>"; };
		EBA3BA9F2ED95F0127C3946C /* SupabaseGroupService.swift */ = {isa = PBXFileReference; lastKnownFileType = sourcecode.swift; path = SupabaseGroupService.swift; sourceTree = "<group>"; };
		ECD3C0388190A285DFEAF5B8 /* MockAuthService.swift */ = {isa = PBXFileReference; lastKnownFileType = sourcecode.swift; path = MockAuthService.swift; sourceTree = "<group>"; };
		ED3F65C8B44C76805A5B24C5 /* MockActivityService.swift */ = {isa = PBXFileReference; lastKnownFileType = sourcecode.swift; path = MockActivityService.swift; sourceTree = "<group>"; };
		EE565755380FCB2C103C8545 /* HomeView.swift */ = {isa = PBXFileReference; lastKnownFileType = sourcecode.swift; path = HomeView.swift; sourceTree = "<group>"; };
		F2969627A37446D87F65A5B9 /* CormorantGaramond-Italic.ttf */ = {isa = PBXFileReference; lastKnownFileType = file; path = "CormorantGaramond-Italic.ttf"; sourceTree = "<group>"; };
		F2BE89C4EA9BFCDDF8881C86 /* AttendanceService.swift */ = {isa = PBXFileReference; lastKnownFileType = sourcecode.swift; path = AttendanceService.swift; sourceTree = "<group>"; };
		F322C20E4FFCF4E4987DA905 /* MockGroupService.swift */ = {isa = PBXFileReference; lastKnownFileType = sourcecode.swift; path = MockGroupService.swift; sourceTree = "<group>"; };
		F4D45BDD1F998C64C504A17F /* ProfileView.swift */ = {isa = PBXFileReference; lastKnownFileType = sourcecode.swift; path = ProfileView.swift; sourceTree = "<group>"; };
		F4D98F7867F068DE99C99BE5 /* AdminDistrictsView.swift */ = {isa = PBXFileReference; lastKnownFileType = sourcecode.swift; path = AdminDistrictsView.swift; sourceTree = "<group>"; };
		FA54752F696D5E399517EB74 /* DMSans-SemiBold.ttf */ = {isa = PBXFileReference; lastKnownFileType = file; path = "DMSans-SemiBold.ttf"; sourceTree = "<group>"; };
		FC275B96BD5439BE9AD1F742 /* DMMono-Medium.ttf */ = {isa = PBXFileReference; lastKnownFileType = file; path = "DMMono-Medium.ttf"; sourceTree = "<group>"; };
		FFA6B914873EFD11661B9B3C /* MeetingListViewModel.swift */ = {isa = PBXFileReference; lastKnownFileType = sourcecode.swift; path = MeetingListViewModel.swift; sourceTree = "<group>"; };
/* End PBXFileReference section */

/* Begin PBXFrameworksBuildPhase section */
		D71CE8E1ABC55814752BC73C /* Frameworks */ = {
			isa = PBXFrameworksBuildPhase;
			buildActionMask = 2147483647;
			files = (
				33C4FAAE3E2E6D6A3234F3A5 /* Supabase in Frameworks */,
				ECF56CBFCC3D4A8A84AFDC47 /* LucideIcons in Frameworks */,
			);
			runOnlyForDeploymentPostprocessing = 0;
		};
/* End PBXFrameworksBuildPhase section */

/* Begin PBXGroup section */
		008CD415757A19B385DE9948 /* Mocks */ = {
			isa = PBXGroup;
			children = (
				E1BFB22F4885ACBC08AC3BB4 /* MockActivityLogService.swift */,
				ED3F65C8B44C76805A5B24C5 /* MockActivityService.swift */,
				0EADA71850E2B305DA5DB736 /* MockAttendanceService.swift */,
				ECD3C0388190A285DFEAF5B8 /* MockAuthService.swift */,
				4C9E77AAD9F849E82163D527 /* MockData.swift */,
				F322C20E4FFCF4E4987DA905 /* MockGroupService.swift */,
				3AB149B0B68D4E87F627027D /* MockHierarchyService.swift */,
				012DA113E86D1754D9BA3A81 /* MockMeetingService.swift */,
				435433C72F34D947EF6683CF /* MockMemberService.swift */,
				CC0C76F796E85AD2618591B2 /* MockReportService.swift */,
			);
			path = Mocks;
			sourceTree = "<group>";
		};
		0259648F0389311A7539925F /* Supabase */ = {
			isa = PBXGroup;
			children = (
				EA76BFF578C2330E18BFBFDA /* SupabaseActivityLogService.swift */,
				19C758441110B696EEE5CFD0 /* SupabaseActivityService.swift */,
				A32F8D1A41339D741C904491 /* SupabaseAttendanceService.swift */,
				A8A260835B3DE22BDDCEF9B8 /* SupabaseAuthService.swift */,
				A822D41238D2103ED28541A8 /* SupabaseClient.swift */,
				EBA3BA9F2ED95F0127C3946C /* SupabaseGroupService.swift */,
				D2D1544FA46E681614B9D4BA /* SupabaseHierarchyService.swift */,
				94EE9ED8ECF3C5677E1DBF02 /* SupabaseMeetingService.swift */,
				947F21273CCA02E00A610FB2 /* SupabaseMemberService.swift */,
				56FC919B7EDD6C5494794A97 /* SupabaseReportService.swift */,
			);
			path = Supabase;
			sourceTree = "<group>";
		};
		051F24BA2ADE7F5545437470 /* Components */ = {
			isa = PBXGroup;
			children = (
				41E40369E6B9AF63AA5014D9 /* ConfirmationOverlay.swift */,
				84F0D454A4284CACDF497E55 /* EmptyStateView.swift */,
				C5CF45896199A36FAE81BD83 /* LoadingStateView.swift */,
				E15A3650E2EEB66DBAF5AEBE /* NeuButton.swift */,
				70C73E0FCB77EED677AEE162 /* NeuCard.swift */,
				8D41C0BE4C3708B320CE2C19 /* NeuIconBadge.swift */,
				3F904C621C23AB45F9B577BB /* NeuMemberRow.swift */,
				92CA68A74CBD470BF0BFE9CB /* NeuProgressBar.swift */,
				DEA09949BF249704EBE63E74 /* NeuStatPill.swift */,
				1A84D4FD7EE2249198132CE4 /* NeuTextField.swift */,
				2A9BBC1074309E64B9141DE9 /* NeuToggle.swift */,
				C07BE1D3338D8F3BBDEED982 /* RegistroFlowHeader.swift */,
				1293299EDBA5D13F7B429F7E /* SearchableHierarchyPicker.swift */,
				0DE0DD0E470BAF7ECAC2627E /* StepIndicatorView.swift */,
			);
			path = Components;
			sourceTree = "<group>";
		};
		0CE3D2DDB8A1F4C3BA4528DF /* Protocols */ = {
			isa = PBXGroup;
			children = (
				B6B3FC886F35CC720A75760E /* ActivityLogService.swift */,
				48EE3E4AEB677C158EF6B432 /* ActivityService.swift */,
				F2BE89C4EA9BFCDDF8881C86 /* AttendanceService.swift */,
				4BAB3D3EBFACB6853142DC26 /* AuthService.swift */,
				800F51D48DFDDBAE2F08A9AA /* GroupService.swift */,
				3A2AEA151FBE8A6F19416733 /* HierarchyService.swift */,
				04B16F517F5516973ED4A7F9 /* MeetingService.swift */,
				4006A9E19A1826D76C6E8340 /* MemberService.swift */,
				0E1807BD40F53B3F85EBE991 /* ReportService.swift */,
			);
			path = Protocols;
			sourceTree = "<group>";
		};
		11F21DB20948AEB987706078 /* Fonts */ = {
			isa = PBXGroup;
			children = (
				F2969627A37446D87F65A5B9 /* CormorantGaramond-Italic.ttf */,
				E36BB472FFCB966F1A8B6897 /* CormorantGaramond-Regular.ttf */,
				FC275B96BD5439BE9AD1F742 /* DMMono-Medium.ttf */,
				3CD67D35D0943262E1792878 /* DMMono-Regular.ttf */,
				9A8693B686D2020FD783D2EC /* DMSans-Bold.ttf */,
				B9C41985913F1FB997D84163 /* DMSans-Medium.ttf */,
				A569AF981B039490982470DC /* DMSans-Regular.ttf */,
				FA54752F696D5E399517EB74 /* DMSans-SemiBold.ttf */,
			);
			path = Fonts;
			sourceTree = "<group>";
		};
		16C56C3FAFA99559A02F126D /* Navigation */ = {
			isa = PBXGroup;
			children = (
				B1DCE7BAEACE090274EAD9B8 /* AppRoute.swift */,
				585AD9F1F18B1FACF821E891 /* MainTabView.swift */,
				DA903538A6D375701A9C8AB7 /* Permissions.swift */,
			);
			path = Navigation;
			sourceTree = "<group>";
		};
		1DB11578E9357D0C9F7FE131 /* Home */ = {
			isa = PBXGroup;
			children = (
				EE565755380FCB2C103C8545 /* HomeView.swift */,
				1BB8274CBB446D8F03031F88 /* HomeViewModel.swift */,
			);
			path = Home;
			sourceTree = "<group>";
		};
		1F6ABA671656B9AD01DC0429 /* NewMeeting */ = {
			isa = PBXGroup;
			children = (
				6B834062D90C242BDD1A322A /* ActivityDetailView.swift */,
				3F3018A88D46F5F046A9BE22 /* AddExtraActivityView.swift */,
				5FA64203F141F739BA26085E /* AddVisitorSheetView.swift */,
				CBCB6B836680106DBA1BAC5B /* MeetingStep1_DateView.swift */,
				B4E982BA34ACB2C4C19E6B95 /* MeetingStep2_AttendanceView.swift */,
				9312AD98A6894FFE8E6CDF42 /* MeetingStep3_ActivitiesView.swift */,
				13AF64A177DA914219D214C2 /* MeetingStep4_SummaryView.swift */,
				574BB1D20F109B33BF21AEEF /* NewMeetingView.swift */,
				2E2D76AECE214F86B54DBEFB /* NewMeetingViewModel.swift */,
			);
			path = NewMeeting;
			sourceTree = "<group>";
		};
		1F77DB585D34BF9E2BBDB5E9 /* Products */ = {
			isa = PBXGroup;
			children = (
				79B1E1DD9446F70C5D2B7273 /* Presencia.app */,
			);
			name = Products;
			sourceTree = "<group>";
		};
		202C23BBA359F76DA0E6C196 /* Deputy */ = {
			isa = PBXGroup;
			children = (
			);
			path = Deputy;
			sourceTree = "<group>";
		};
		28916AEBCF94DFB4CE5CE8D7 /* Members */ = {
			isa = PBXGroup;
			children = (
				AC5C51A41208507DF9584428 /* MemberDetailView.swift */,
				3EDAFBD5AA7E48BDB5569C3E /* MemberFormView.swift */,
				B1769FF669CB1E2952419B16 /* MemberListView.swift */,
				C5AB6AE44857E2461342416D /* MemberListViewModel.swift */,
			);
			path = Members;
			sourceTree = "<group>";
		};
		3C6DD21C63392B2749FBDD37 /* Auth */ = {
			isa = PBXGroup;
			children = (
				88B72046025B3CC2EA6537D4 /* LoginView.swift */,
				46477DC7A2208F11B37BDD69 /* LoginViewModel.swift */,
				B502D0257D034BA9B52D6A77 /* MemberSessionPickerView.swift */,
				087F99F13E76BFBF0596E360 /* PresenciaLoginError.swift */,
				DAF5F3F0D008B7D91EE09189 /* SignUpView.swift */,
			);
			path = Auth;
			sourceTree = "<group>";
		};
		4C73D8C4A54510007630388B /* Models */ = {
			isa = PBXGroup;
			children = (
				E8E90FF329345563AEA71545 /* Activity.swift */,
				3F545D4FAAD176B211E59D93 /* Enums.swift */,
				2A36DD94C38EA398B183B0A3 /* Meeting.swift */,
				781AB84413B0D235952A6A2A /* Member.swift */,
				B4C8AFD3E8BF06FBD37078C2 /* Organization.swift */,
				858D33D2F192EF14D16A1175 /* Profile.swift */,
				9D39949BE7AAFC0BA960A5B3 /* Reporting.swift */,
			);
			path = Models;
			sourceTree = "<group>";
		};
		4F666C35F944653DF52DA52F /* Reports */ = {
			isa = PBXGroup;
			children = (
				3EA360663068395B7DA518FD /* ActivityBarChartView.swift */,
				5DA9C8C9D0C38D19ADCA2B66 /* AttendanceChartView.swift */,
				7F39704DFB21C626F2A717A1 /* GroupRankingListView.swift */,
				495C28D245AD9F2C8A099CCD /* ReportsView.swift */,
				7400A21F9F707BCB89BABC59 /* ReportsViewModel.swift */,
			);
			path = Reports;
			sourceTree = "<group>";
		};
		581746AE058F10B0AA16BCEE /* Settings */ = {
			isa = PBXGroup;
			children = (
				7AA3E31C2E9B50E0A55D34E3 /* ChangePasswordView.swift */,
				72FF716A7E439F5311C80A4E /* GroupDataView.swift */,
				95FB381248C45B9BBD9137BF /* GroupSettingsView.swift */,
				85E6953BA411C059449D75E4 /* MoreView.swift */,
				D75AB14744FAECD12B9AFD0D /* PersonalDataView.swift */,
				7F32806582CBBE9065B131F1 /* ProfileContainerView.swift */,
				F4D45BDD1F998C64C504A17F /* ProfileView.swift */,
			);
			path = Settings;
			sourceTree = "<group>";
		};
		66AC82883F5BCFB21BC43501 /* Presencia */ = {
			isa = PBXGroup;
			children = (
				051F24BA2ADE7F5545437470 /* Components */,
				EA6CF29366AE7C994C5CA9F7 /* Features */,
				11F21DB20948AEB987706078 /* Fonts */,
				4C73D8C4A54510007630388B /* Models */,
				16C56C3FAFA99559A02F126D /* Navigation */,
				8AA0FE2AB0F534D1B8636189 /* Services  */,
				8E754DB1307791C6D0B85184 /* Theme */,
				9362B7B81E88B04FF54153B5 /* Utilities */,
				E903529BC71E2C7BE15A6796 /* Assets.xcassets */,
				603168C8B18C685E0D15DCE6 /* Config.swift */,
				4EE2E802A7047A2FBF20D0F6 /* Info.plist */,
				B1D017CB2FBCCD53F5039B86 /* PresenciaApp.swift */,
			);
			path = Presencia;
			sourceTree = "<group>";
		};
		677A9BF50AECE5E0F3D1557A /* Activities */ = {
			isa = PBXGroup;
			children = (
				DC4F340C3FD16EE937876B2B /* ActivityTypeManagementView.swift */,
				98D90040F282768CB89523DC /* ActivityTypeManagementViewModel.swift */,
			);
			path = Activities;
			sourceTree = "<group>";
		};
		7CA8F7CC7CAF2EE2030E4D3D = {
			isa = PBXGroup;
			children = (
				66AC82883F5BCFB21BC43501 /* Presencia */,
				1F77DB585D34BF9E2BBDB5E9 /* Products */,
			);
			sourceTree = "<group>";
		};
		8AA0FE2AB0F534D1B8636189 /* Services  */ = {
			isa = PBXGroup;
			children = (
				008CD415757A19B385DE9948 /* Mocks */,
				0CE3D2DDB8A1F4C3BA4528DF /* Protocols */,
				0259648F0389311A7539925F /* Supabase */,
				131B423DC893088A80267874 /* ServiceContainer.swift */,
			);
			path = "Services ";
			sourceTree = "<group>";
		};
		8E754DB1307791C6D0B85184 /* Theme */ = {
			isa = PBXGroup;
			children = (
				20A70D85DA3EDF3C88616FF7 /* Color+Hex.swift */,
				1EC63036C8F6EF6A1C73837D /* Color+Theme.swift */,
				A2AC72FAFD5967C199D45E5D /* Font+Theme.swift */,
				C2D3934C55254182ACCC2533 /* Icons.swift */,
				7828690A54918406AA4CEABB /* NeuModifiers.swift */,
				DA76C612B4EAC2356760049C /* NeuStyle.swift */,
				82D74126A3B42946F05F8614 /* NeuTabBar.swift */,
			);
			path = Theme;
			sourceTree = "<group>";
		};
		9362B7B81E88B04FF54153B5 /* Utilities */ = {
			isa = PBXGroup;
			children = (
				0B2BF2C33A82AD2FCD35D809 /* DateFormatters.swift */,
				17C39AA146AC46B7589D2356 /* DecodingError+Presencia.swift */,
				C18E751E623E527C3735C813 /* Extensions.swift */,
				5B720F509926F9008835DEE2 /* LoginUsernameBuilder.swift */,
			);
			path = Utilities;
			sourceTree = "<group>";
		};
		BA2ED4B806CE30E1DF92EC48 /* Admin */ = {
			isa = PBXGroup;
			children = (
				0C39ABF95E8278191878BE4C /* AdminChurchesView.swift */,
				F4D98F7867F068DE99C99BE5 /* AdminDistrictsView.swift */,
				3F5337B41CD739213CE39769 /* AdminPeriodsView.swift */,
				39C4C8BA98304FC7D0883D2E /* AdminUsersView.swift */,
				AC2EA79C23AEBA22FB8E496E /* AdminUsersViewModel.swift */,
			);
			path = Admin;
			sourceTree = "<group>";
		};
		BD98F188DC533383F5A4B77B /* ActivityLog */ = {
			isa = PBXGroup;
			children = (
				05B58AD0088175C7C2EC522C /* ActivityLogView.swift */,
				11244FE6FB422573BDBBE0A7 /* ActivityLogViewModel.swift */,
			);
			path = ActivityLog;
			sourceTree = "<group>";
		};
		EA6CF29366AE7C994C5CA9F7 /* Features */ = {
			isa = PBXGroup;
			children = (
				677A9BF50AECE5E0F3D1557A /* Activities */,
				BD98F188DC533383F5A4B77B /* ActivityLog */,
				BA2ED4B806CE30E1DF92EC48 /* Admin */,
				3C6DD21C63392B2749FBDD37 /* Auth */,
				202C23BBA359F76DA0E6C196 /* Deputy */,
				1DB11578E9357D0C9F7FE131 /* Home */,
				F446E9245636333650652CCB /* Meetings */,
				28916AEBCF94DFB4CE5CE8D7 /* Members */,
				4F666C35F944653DF52DA52F /* Reports */,
				581746AE058F10B0AA16BCEE /* Settings */,
			);
			path = Features;
			sourceTree = "<group>";
		};
		F446E9245636333650652CCB /* Meetings */ = {
			isa = PBXGroup;
			children = (
				1F6ABA671656B9AD01DC0429 /* NewMeeting */,
				4855B4E650C34692FBB293DC /* MeetingCardView.swift */,
				7D97EC1F12658C445A3F8526 /* MeetingDetailView.swift */,
				17DA923E4EAA0D5FC626E0D2 /* MeetingListView.swift */,
				FFA6B914873EFD11661B9B3C /* MeetingListViewModel.swift */,
				9A90EC071641459D1001C269 /* MeetingSuccessView.swift */,
			);
			path = Meetings;
			sourceTree = "<group>";
		};
/* End PBXGroup section */

/* Begin PBXNativeTarget section */
		6E99F46763C153B73E03E77E /* Presencia */ = {
			isa = PBXNativeTarget;
			buildConfigurationList = FCF9828E38CFE57BB2E90687 /* Build configuration list for PBXNativeTarget "Presencia" */;
			buildPhases = (
				4B157CF84AD739DC352055D8 /* Sources */,
				3B4B53A9A28045C6FBAC6A32 /* Resources */,
				D71CE8E1ABC55814752BC73C /* Frameworks */,
			);
			buildRules = (
			);
			dependencies = (
			);
			name = Presencia;
			packageProductDependencies = (
				50196411F1B01DDEDCB7738A /* Supabase */,
				5FCE2B7546D17A137C5A131C /* LucideIcons */,
			);
			productName = Presencia;
			productReference = 79B1E1DD9446F70C5D2B7273 /* Presencia.app */;
			productType = "com.apple.product-type.application";
		};
/* End PBXNativeTarget section */

/* Begin PBXProject section */
		5F52BFFE72FB1B5B1950D0AA /* Project object */ = {
			isa = PBXProject;
			attributes = {
				BuildIndependentTargetsInParallel = YES;
				LastUpgradeCheck = 1600;
			};
			buildConfigurationList = C0DCAFA4A023A1B4470BBF6F /* Build configuration list for PBXProject "Presencia" */;
			developmentRegion = en;
			hasScannedForEncodings = 0;
			knownRegions = (
				Base,
				en,
			);
			mainGroup = 7CA8F7CC7CAF2EE2030E4D3D;
			minimizedProjectReferenceProxies = 1;
			packageReferences = (
				BF7F28F20AE2FA56214741A6 /* XCRemoteSwiftPackageReference "lucide-icons-swift" */,
				93F1B91A8C6FCF3888A6966F /* XCRemoteSwiftPackageReference "supabase-swift" */,
			);
			preferredProjectObjectVersion = 77;
			productRefGroup = 1F77DB585D34BF9E2BBDB5E9 /* Products */;
			projectDirPath = "";
			projectRoot = "";
			targets = (
				6E99F46763C153B73E03E77E /* Presencia */,
			);
		};
/* End PBXProject section */

/* Begin PBXResourcesBuildPhase section */
		3B4B53A9A28045C6FBAC6A32 /* Resources */ = {
			isa = PBXResourcesBuildPhase;
			buildActionMask = 2147483647;
			files = (
				F6B6E978FF372C0A19244E3E /* Assets.xcassets in Resources */,
				EF956DA9A98A5BC88D4548BD /* CormorantGaramond-Italic.ttf in Resources */,
				4A0C19CAFEA47AD680A689CF /* CormorantGaramond-Regular.ttf in Resources */,
				9A33C473ADD3F6874559197E /* DMMono-Medium.ttf in Resources */,
				DEBBBDE96D3CC3DE82B653EA /* DMMono-Regular.ttf in Resources */,
				147B0D74E058DFF57EB1AE25 /* DMSans-Bold.ttf in Resources */,
				430B80D05380C231DCE10320 /* DMSans-Medium.ttf in Resources */,
				9793C42DA5B0DED743593A6C /* DMSans-Regular.ttf in Resources */,
				6F5932A498E5699D936FBEBB /* DMSans-SemiBold.ttf in Resources */,
			);
			runOnlyForDeploymentPostprocessing = 0;
		};
/* End PBXResourcesBuildPhase section */

/* Begin PBXSourcesBuildPhase section */
		4B157CF84AD739DC352055D8 /* Sources */ = {
			isa = PBXSourcesBuildPhase;
			buildActionMask = 2147483647;
			files = (
				95DFCE87F8E05158D5BC56AD /* Activity.swift in Sources */,
				C3B15FF889E178E085F3AB3B /* ActivityBarChartView.swift in Sources */,
				915A71400C1366DA696E8723 /* ActivityDetailView.swift in Sources */,
				F61ED78DE9434114ADAE4A31 /* ActivityLogService.swift in Sources */,
				8E3A713776A6BF74301B3DD3 /* ActivityLogView.swift in Sources */,
				A74333ED557FF4EB12DC48FA /* ActivityLogViewModel.swift in Sources */,
				843B1881302BD27C05490529 /* ActivityService.swift in Sources */,
				65DE40C55661F6B080C9EAB0 /* ActivityTypeManagementView.swift in Sources */,
				0990BCC2BCBD72635A34595F /* ActivityTypeManagementViewModel.swift in Sources */,
				876906102B4D3FD2667F907B /* AddExtraActivityView.swift in Sources */,
				7C6AF54C473ADF13DB87CBE1 /* AddVisitorSheetView.swift in Sources */,
				337469B0C426A06D7CA5BD32 /* AdminChurchesView.swift in Sources */,
				9812A06D8131B0F0D98C379C /* AdminDistrictsView.swift in Sources */,
				DC8365A1DC3ABDA0F05DE515 /* AdminPeriodsView.swift in Sources */,
				8AAA8404AA472B14C641640E /* AdminUsersView.swift in Sources */,
				B36ADB02688EF37F06D27327 /* AdminUsersViewModel.swift in Sources */,
				4C759D984C3F69566B68B835 /* AppRoute.swift in Sources */,
				942676F5D77E59B634AFA61C /* AttendanceChartView.swift in Sources */,
				C83CC70BBDA82BCE93DB90CB /* AttendanceService.swift in Sources */,
				427700C7CEB0B2C7BF1B4B12 /* AuthService.swift in Sources */,
				13421FC9CA094EEB5341717A /* ChangePasswordView.swift in Sources */,
				99C9BE433E449482695F9D9C /* Color+Hex.swift in Sources */,
				99DF082F5D739EF55AA51F9E /* Color+Theme.swift in Sources */,
				F11ED3F76624C76EFAE7CB9C /* Config.swift in Sources */,
				5760817365376702B3C8363D /* ConfirmationOverlay.swift in Sources */,
				39CCBC5277439128B93317E7 /* DateFormatters.swift in Sources */,
				61766F57F8B4CB3AF72BF34E /* DecodingError+Presencia.swift in Sources */,
				B6D5FF66DAE289228DC803B4 /* EmptyStateView.swift in Sources */,
				0100E8E99CB82B8282D4FAE1 /* Enums.swift in Sources */,
				F561EE5338046C41EEB8312A /* Extensions.swift in Sources */,
				0646901DCCF488B5EBFC846D /* Font+Theme.swift in Sources */,
				5750F8FA104AD65B7F68EF57 /* GroupDataView.swift in Sources */,
				BCBEFB3889DC6137346D1A5B /* GroupRankingListView.swift in Sources */,
				2A36A1E5A79F22C9BBD1648D /* GroupService.swift in Sources */,
				AC77BB97128D30F50722BC4B /* GroupSettingsView.swift in Sources */,
				F57F324E09D36F00249F7940 /* HierarchyService.swift in Sources */,
				4860C446CAEA8BE85DAF9CBB /* HomeView.swift in Sources */,
				95ED09216D2CE1C3A42D7BE2 /* HomeViewModel.swift in Sources */,
				2399CF205C269D4D06DAB575 /* Icons.swift in Sources */,
				5B51897663A78F612CCDB192 /* LoadingStateView.swift in Sources */,
				722D3BE79D64D75637DBCA2E /* LoginUsernameBuilder.swift in Sources */,
				B009805CCBCDA084640D95C6 /* LoginView.swift in Sources */,
				EF4AADE3FC4ADC0BEC8360BF /* LoginViewModel.swift in Sources */,
				FB4DC9718E46681E08DA21F2 /* MainTabView.swift in Sources */,
				E913F621E5C6FD58875A47AA /* Meeting.swift in Sources */,
				A5343678DAE81782A4ACC63B /* MeetingCardView.swift in Sources */,
				47CF63C1A4647EBFDC335088 /* MeetingDetailView.swift in Sources */,
				A7E7BD79F7AF974054EF337B /* MeetingListView.swift in Sources */,
				3C7E057B782E7805D1A53CB1 /* MeetingListViewModel.swift in Sources */,
				387B29DD19ABC53FC1CB36E2 /* MeetingService.swift in Sources */,
				6D232C66765F97B2E1B7FD1B /* MeetingStep1_DateView.swift in Sources */,
				46033FD23A2638A657F48252 /* MeetingStep2_AttendanceView.swift in Sources */,
				D973DD93CA541EE37C7B78AC /* MeetingStep3_ActivitiesView.swift in Sources */,
				BAB99781071D6AE659D06091 /* MeetingStep4_SummaryView.swift in Sources */,
				BD0B1B1DF1E11CD11319030B /* MeetingSuccessView.swift in Sources */,
				8C78A1C31A363172BD23A91B /* Member.swift in Sources */,
				B01CB4CF966CCA0196654AF6 /* MemberDetailView.swift in Sources */,
				839BA1BB053CF4CE3438C62B /* MemberFormView.swift in Sources */,
				70CECE2F9AE077AAA3B8B3B9 /* MemberListView.swift in Sources */,
				A0E3BF309FB675298FBF8889 /* MemberListViewModel.swift in Sources */,
				2EE385A8CAE95A3A713498A6 /* MemberService.swift in Sources */,
				F6AEF96541B0DD7862D400D7 /* MemberSessionPickerView.swift in Sources */,
				2443E7A04B89BB35DE021D42 /* MockActivityLogService.swift in Sources */,
				3FCCD2EB18F13D042228E636 /* MockActivityService.swift in Sources */,
				1D594A945B42CAA11A7B47FF /* MockAttendanceService.swift in Sources */,
				0C5C6A712EE92F512F34B02F /* MockAuthService.swift in Sources */,
				38094B51C83660B569F18776 /* MockData.swift in Sources */,
				765E677FAED27AB72FAADE8B /* MockGroupService.swift in Sources */,
				16295F558671E01816935164 /* MockHierarchyService.swift in Sources */,
				27C801519E92CAB7148F70F2 /* MockMeetingService.swift in Sources */,
				8B22C08DAB52C2D545F35280 /* MockMemberService.swift in Sources */,
				88601716457373757B87BF9C /* MockReportService.swift in Sources */,
				4EB4B4AADE64D2E20B59892A /* MoreView.swift in Sources */,
				616DFB5261DB19B5E12285F3 /* NeuButton.swift in Sources */,
				3B67829655599C61DB8A5791 /* NeuCard.swift in Sources */,
				C666725399050B47B23FA1FE /* NeuIconBadge.swift in Sources */,
				4173055CEB0C9164669F75F5 /* NeuMemberRow.swift in Sources */,
				07280F39BBFE7D19C39CFDA1 /* NeuModifiers.swift in Sources */,
				110095E5CB04B0CFFA78435E /* NeuProgressBar.swift in Sources */,
				4623E4E1CF8BB8444E665FA6 /* NeuStatPill.swift in Sources */,
				371E7B0CC27879F352BAAABC /* NeuStyle.swift in Sources */,
				545AE43DE1CD9B3461B86095 /* NeuTabBar.swift in Sources */,
				70A0035361931CEA1B7B4EE7 /* NeuTextField.swift in Sources */,
				ADA28C89B688E8746A5F97D0 /* NeuToggle.swift in Sources */,
				54EE2AF56B089C3F8D014336 /* NewMeetingView.swift in Sources */,
				242E87A05C98EF702F658A30 /* NewMeetingViewModel.swift in Sources */,
				391E50209ADD7CEC525300BC /* Organization.swift in Sources */,
				DCED1475B0FEFE753E50C372 /* Permissions.swift in Sources */,
				1F7D49BB654577FFC18532FD /* PersonalDataView.swift in Sources */,
				73C9D9C964BDAA94204C7C4D /* PresenciaApp.swift in Sources */,
				C55C7B44F8F6F90A45693CDB /* PresenciaLoginError.swift in Sources */,
				F64A53EC0DE20E5D8A3AC28C /* Profile.swift in Sources */,
				1CDF5F4B134CA8CD1B0EF29E /* ProfileContainerView.swift in Sources */,
				59AC8D98CFC6CC64FB753418 /* ProfileView.swift in Sources */,
				758388E0E00B0789395D5581 /* RegistroFlowHeader.swift in Sources */,
				CBF5FF13F620AD291C324828 /* ReportService.swift in Sources */,
				BCCAFE2D3A78676F9C9413F2 /* Reporting.swift in Sources */,
				A0FD424D9F72F98A4709D849 /* ReportsView.swift in Sources */,
				7989652A2F1542FA1A64804F /* ReportsViewModel.swift in Sources */,
				DF882C30FAA4AB71526ECF7D /* SearchableHierarchyPicker.swift in Sources */,
				1EC4270BD5DEBE506A32517F /* ServiceContainer.swift in Sources */,
				C42F5BD362982B238FE561A5 /* SignUpView.swift in Sources */,
				070CE4818853D3E2B7A7E8FF /* StepIndicatorView.swift in Sources */,
				168E9051E551EEB40EB429BD /* SupabaseActivityLogService.swift in Sources */,
				3A53472AAC1F4F420ACDA05C /* SupabaseActivityService.swift in Sources */,
				7BB76F8FA6B1EDF536577835 /* SupabaseAttendanceService.swift in Sources */,
				EFE298FB4F09AD9A675082DE /* SupabaseAuthService.swift in Sources */,
				09E447DC2A36305FEB4F834D /* SupabaseClient.swift in Sources */,
				B44CD8176F061289E17E331C /* SupabaseGroupService.swift in Sources */,
				73D0B10A691B92279FC0CEED /* SupabaseHierarchyService.swift in Sources */,
				13B3940E020E622116D6AD1A /* SupabaseMeetingService.swift in Sources */,
				91BC0D9D0A8B0426795EB7A6 /* SupabaseMemberService.swift in Sources */,
				12242302CA2AD27F4917FDDE /* SupabaseReportService.swift in Sources */,
			);
			runOnlyForDeploymentPostprocessing = 0;
		};
/* End PBXSourcesBuildPhase section */

/* Begin XCBuildConfiguration section */
		0259D16FAC6125AE6D2C3356 /* Debug */ = {
			isa = XCBuildConfiguration;
			buildSettings = {
				ASSETCATALOG_COMPILER_APPICON_NAME = AppIcon;
				CODE_SIGN_IDENTITY = "iPhone Developer";
				DEVELOPMENT_TEAM = G387QXCA4S;
				INFOPLIST_FILE = Presencia/Info.plist;
				IPHONEOS_DEPLOYMENT_TARGET = 18.0;
				LD_RUNPATH_SEARCH_PATHS = (
					"$(inherited)",
					"@executable_path/Frameworks",
				);
				PRODUCT_BUNDLE_IDENTIFIER = com.presencia.app;
				SDKROOT = iphoneos;
				SWIFT_STRICT_CONCURRENCY = minimal;
				TARGETED_DEVICE_FAMILY = "1,2";
			};
			name = Debug;
		};
		5B2C5775D667C4E87AB267DF /* Debug */ = {
			isa = XCBuildConfiguration;
			buildSettings = {
				ALWAYS_SEARCH_USER_PATHS = NO;
				CLANG_ANALYZER_NONNULL = YES;
				CLANG_ANALYZER_NUMBER_OBJECT_CONVERSION = YES_AGGRESSIVE;
				CLANG_CXX_LANGUAGE_STANDARD = "gnu++14";
				CLANG_CXX_LIBRARY = "libc++";
				CLANG_ENABLE_MODULES = YES;
				CLANG_ENABLE_OBJC_ARC = YES;
				CLANG_ENABLE_OBJC_WEAK = YES;
				CLANG_WARN_BLOCK_CAPTURE_AUTORELEASING = YES;
				CLANG_WARN_BOOL_CONVERSION = YES;
				CLANG_WARN_COMMA = YES;
				CLANG_WARN_CONSTANT_CONVERSION = YES;
				CLANG_WARN_DEPRECATED_OBJC_IMPLEMENTATIONS = YES;
				CLANG_WARN_DIRECT_OBJC_ISA_USAGE = YES_ERROR;
				CLANG_WARN_DOCUMENTATION_COMMENTS = YES;
				CLANG_WARN_EMPTY_BODY = YES;
				CLANG_WARN_ENUM_CONVERSION = YES;
				CLANG_WARN_INFINITE_RECURSION = YES;
				CLANG_WARN_INT_CONVERSION = YES;
				CLANG_WARN_NON_LITERAL_NULL_CONVERSION = YES;
				CLANG_WARN_OBJC_IMPLICIT_RETAIN_SELF = YES;
				CLANG_WARN_OBJC_LITERAL_CONVERSION = YES;
				CLANG_WARN_OBJC_ROOT_CLASS = YES_ERROR;
				CLANG_WARN_QUOTED_INCLUDE_IN_FRAMEWORK_HEADER = YES;
				CLANG_WARN_RANGE_LOOP_ANALYSIS = YES;
				CLANG_WARN_STRICT_PROTOTYPES = YES;
				CLANG_WARN_SUSPICIOUS_MOVE = YES;
				CLANG_WARN_UNGUARDED_AVAILABILITY = YES_AGGRESSIVE;
				CLANG_WARN_UNREACHABLE_CODE = YES;
				CLANG_WARN__DUPLICATE_METHOD_MATCH = YES;
				COPY_PHASE_STRIP = NO;
				CURRENT_PROJECT_VERSION = 1;
				DEBUG_INFORMATION_FORMAT = dwarf;
				ENABLE_STRICT_OBJC_MSGSEND = YES;
				ENABLE_TESTABILITY = YES;
				GCC_C_LANGUAGE_STANDARD = gnu11;
				GCC_DYNAMIC_NO_PIC = NO;
				GCC_NO_COMMON_BLOCKS = YES;
				GCC_OPTIMIZATION_LEVEL = 0;
				GCC_PREPROCESSOR_DEFINITIONS = (
					"$(inherited)",
					"DEBUG=1",
				);
				GCC_WARN_64_TO_32_BIT_CONVERSION = YES;
				GCC_WARN_ABOUT_RETURN_TYPE = YES_ERROR;
				GCC_WARN_UNDECLARED_SELECTOR = YES;
				GCC_WARN_UNINITIALIZED_AUTOS = YES_AGGRESSIVE;
				GCC_WARN_UNUSED_FUNCTION = YES;
				GCC_WARN_UNUSED_VARIABLE = YES;
				IPHONEOS_DEPLOYMENT_TARGET = 18.0;
				MARKETING_VERSION = 1.0.0;
				MTL_ENABLE_DEBUG_INFO = INCLUDE_SOURCE;
				MTL_FAST_MATH = YES;
				ONLY_ACTIVE_ARCH = YES;
				PRODUCT_NAME = "$(TARGET_NAME)";
				SDKROOT = iphoneos;
				SWIFT_ACTIVE_COMPILATION_CONDITIONS = DEBUG;
				SWIFT_OPTIMIZATION_LEVEL = "-Onone";
				SWIFT_STRICT_CONCURRENCY = minimal;
				SWIFT_VERSION = 5.10;
			};
			name = Debug;
		};
		730442B318D3EBCB3A55D550 /* Release */ = {
			isa = XCBuildConfiguration;
			buildSettings = {
				ALWAYS_SEARCH_USER_PATHS = NO;
				CLANG_ANALYZER_NONNULL = YES;
				CLANG_ANALYZER_NUMBER_OBJECT_CONVERSION = YES_AGGRESSIVE;
				CLANG_CXX_LANGUAGE_STANDARD = "gnu++14";
				CLANG_CXX_LIBRARY = "libc++";
				CLANG_ENABLE_MODULES = YES;
				CLANG_ENABLE_OBJC_ARC = YES;
				CLANG_ENABLE_OBJC_WEAK = YES;
				CLANG_WARN_BLOCK_CAPTURE_AUTORELEASING = YES;
				CLANG_WARN_BOOL_CONVERSION = YES;
				CLANG_WARN_COMMA = YES;
				CLANG_WARN_CONSTANT_CONVERSION = YES;
				CLANG_WARN_DEPRECATED_OBJC_IMPLEMENTATIONS = YES;
				CLANG_WARN_DIRECT_OBJC_ISA_USAGE = YES_ERROR;
				CLANG_WARN_DOCUMENTATION_COMMENTS = YES;
				CLANG_WARN_EMPTY_BODY = YES;
				CLANG_WARN_ENUM_CONVERSION = YES;
				CLANG_WARN_INFINITE_RECURSION = YES;
				CLANG_WARN_INT_CONVERSION = YES;
				CLANG_WARN_NON_LITERAL_NULL_CONVERSION = YES;
				CLANG_WARN_OBJC_IMPLICIT_RETAIN_SELF = YES;
				CLANG_WARN_OBJC_LITERAL_CONVERSION = YES;
				CLANG_WARN_OBJC_ROOT_CLASS = YES_ERROR;
				CLANG_WARN_QUOTED_INCLUDE_IN_FRAMEWORK_HEADER = YES;
				CLANG_WARN_RANGE_LOOP_ANALYSIS = YES;
				CLANG_WARN_STRICT_PROTOTYPES = YES;
				CLANG_WARN_SUSPICIOUS_MOVE = YES;
				CLANG_WARN_UNGUARDED_AVAILABILITY = YES_AGGRESSIVE;
				CLANG_WARN_UNREACHABLE_CODE = YES;
				CLANG_WARN__DUPLICATE_METHOD_MATCH = YES;
				COPY_PHASE_STRIP = NO;
				CURRENT_PROJECT_VERSION = 1;
				DEBUG_INFORMATION_FORMAT = "dwarf-with-dsym";
				ENABLE_NS_ASSERTIONS = NO;
				ENABLE_STRICT_OBJC_MSGSEND = YES;
				GCC_C_LANGUAGE_STANDARD = gnu11;
				GCC_NO_COMMON_BLOCKS = YES;
				GCC_WARN_64_TO_32_BIT_CONVERSION = YES;
				GCC_WARN_ABOUT_RETURN_TYPE = YES_ERROR;
				GCC_WARN_UNDECLARED_SELECTOR = YES;
				GCC_WARN_UNINITIALIZED_AUTOS = YES_AGGRESSIVE;
				GCC_WARN_UNUSED_FUNCTION = YES;
				GCC_WARN_UNUSED_VARIABLE = YES;
				IPHONEOS_DEPLOYMENT_TARGET = 18.0;
				MARKETING_VERSION = 1.0.0;
				MTL_ENABLE_DEBUG_INFO = NO;
				MTL_FAST_MATH = YES;
				PRODUCT_NAME = "$(TARGET_NAME)";
				SDKROOT = iphoneos;
				SWIFT_COMPILATION_MODE = wholemodule;
				SWIFT_OPTIMIZATION_LEVEL = "-O";
				SWIFT_STRICT_CONCURRENCY = minimal;
				SWIFT_VERSION = 5.10;
			};
			name = Release;
		};
		B129D3FB79F9C83E5F36AD03 /* Release */ = {
			isa = XCBuildConfiguration;
			buildSettings = {
				ASSETCATALOG_COMPILER_APPICON_NAME = AppIcon;
				CODE_SIGN_IDENTITY = "iPhone Developer";
				DEVELOPMENT_TEAM = G387QXCA4S;
				INFOPLIST_FILE = Presencia/Info.plist;
				IPHONEOS_DEPLOYMENT_TARGET = 18.0;
				LD_RUNPATH_SEARCH_PATHS = (
					"$(inherited)",
					"@executable_path/Frameworks",
				);
				PRODUCT_BUNDLE_IDENTIFIER = com.presencia.app;
				SDKROOT = iphoneos;
				SWIFT_STRICT_CONCURRENCY = minimal;
				TARGETED_DEVICE_FAMILY = "1,2";
			};
			name = Release;
		};
/* End XCBuildConfiguration section */

/* Begin XCConfigurationList section */
		C0DCAFA4A023A1B4470BBF6F /* Build configuration list for PBXProject "Presencia" */ = {
			isa = XCConfigurationList;
			buildConfigurations = (
				5B2C5775D667C4E87AB267DF /* Debug */,
				730442B318D3EBCB3A55D550 /* Release */,
			);
			defaultConfigurationIsVisible = 0;
			defaultConfigurationName = Debug;
		};
		FCF9828E38CFE57BB2E90687 /* Build configuration list for PBXNativeTarget "Presencia" */ = {
			isa = XCConfigurationList;
			buildConfigurations = (
				0259D16FAC6125AE6D2C3356 /* Debug */,
				B129D3FB79F9C83E5F36AD03 /* Release */,
			);
			defaultConfigurationIsVisible = 0;
			defaultConfigurationName = Debug;
		};
/* End XCConfigurationList section */

/* Begin XCRemoteSwiftPackageReference section */
		93F1B91A8C6FCF3888A6966F /* XCRemoteSwiftPackageReference "supabase-swift" */ = {
			isa = XCRemoteSwiftPackageReference;
			repositoryURL = "https://github.com/supabase/supabase-swift";
			requirement = {
				kind = upToNextMajorVersion;
				minimumVersion = 2.0.0;
			};
		};
		BF7F28F20AE2FA56214741A6 /* XCRemoteSwiftPackageReference "lucide-icons-swift" */ = {
			isa = XCRemoteSwiftPackageReference;
			repositoryURL = "https://github.com/JakubMazur/lucide-icons-swift";
			requirement = {
				kind = upToNextMajorVersion;
				minimumVersion = 0.577.0;
			};
		};
/* End XCRemoteSwiftPackageReference section */

/* Begin XCSwiftPackageProductDependency section */
		50196411F1B01DDEDCB7738A /* Supabase */ = {
			isa = XCSwiftPackageProductDependency;
			package = 93F1B91A8C6FCF3888A6966F /* XCRemoteSwiftPackageReference "supabase-swift" */;
			productName = Supabase;
		};
		5FCE2B7546D17A137C5A131C /* LucideIcons */ = {
			isa = XCSwiftPackageProductDependency;
			package = BF7F28F20AE2FA56214741A6 /* XCRemoteSwiftPackageReference "lucide-icons-swift" */;
			productName = LucideIcons;
		};
/* End XCSwiftPackageProductDependency section */
	};
	rootObject = 5F52BFFE72FB1B5B1950D0AA /* Project object */;
}
